Microsoft Visual Studio Solution File, Format Version 12.00
# Visual Studio Version 17
VisualStudioVersion = 17.1.32104.313
MinimumVisualStudioVersion = 10.0.40219.1
Project("{9A19103F-16F7-4668-BE54-9A1E7A4F7556}") = "DivisiBill", "DivisiBill\DivisiBill.csproj", "{61BB41C2-6FEF-4405-9567-9177DCBDC43A}"
EndProject
Project("{2150E333-8FDC-42A3-9474-1A3956D46DE8}") = "Solution Items", "Solution Items", "{6D0FAEBC-3069-44F7-AB56-0C8AD16913D0}"
	ProjectSection(SolutionItems) = preProject
		.editorconfig = .editorconfig
		.github\workflows\dotnet-build-android.yml = .github\workflows\dotnet-build-android.yml
		LICENSE.txt = LICENSE.txt
		README.md = README.md
	EndProjectSection
EndProject
Project("{9A19103F-16F7-4668-BE54-9A1E7A4F7556}") = "DivisiBill.Tests", "DivisiBill.Tests\DivisiBill.Tests.csproj", "{9805048E-E10E-48F6-B763-9384E11B3BAE}"
EndProject
Project("{FAE04EC0-301F-11D3-BF4B-00C04F79EFBC}") = "web", "web\web.csproj", "{D81744AB-6C55-4EF4-9A70-01486400A4E4}"
EndProject
Global
	GlobalSection(SolutionConfigurationPlatforms) = preSolution
		Debug|Any CPU = Debug|Any CPU
		Debug|ARM = Debug|ARM
		Debug|ARM64 = Debug|ARM64
		Debug|x64 = Debug|x64
		Debug|x86 = Debug|x86
		Release|Any CPU = Release|Any CPU
		Release|ARM = Release|ARM
		Release|ARM64 = Release|ARM64
		Release|x64 = Release|x64
		Release|x86 = Release|x86
		ReleaseTest|Any CPU = ReleaseTest|Any CPU
		ReleaseTest|ARM = ReleaseTest|ARM
		ReleaseTest|ARM64 = ReleaseTest|ARM64
		ReleaseTest|x64 = ReleaseTest|x64
		ReleaseTest|x86 = ReleaseTest|x86
	EndGlobalSection
	GlobalSection(ProjectConfigurationPlatforms) = postSolution
		{61BB41C2-6FEF-4405-9567-9177DCBDC43A}.Debug|Any CPU.ActiveCfg = Debug|Any CPU
		{61BB41C2-6FEF-4405-9567-9177DCBDC43A}.Debug|Any CPU.Build.0 = Debug|Any CPU
		{61BB41C2-6FEF-4405-9567-9177DCBDC43A}.Debug|Any CPU.Deploy.0 = Debug|Any CPU
		{61BB41C2-6FEF-4405-9567-9177DCBDC43A}.Debug|ARM.ActiveCfg = Debug|Any CPU
		{61BB41C2-6FEF-4405-9567-9177DCBDC43A}.Debug|ARM.Build.0 = Debug|Any CPU
		{61BB41C2-6FEF-4405-9567-9177DCBDC43A}.Debug|ARM64.ActiveCfg = Debug|Any CPU
		{61BB41C2-6FEF-4405-9567-9177DCBDC43A}.Debug|ARM64.Build.0 = Debug|Any CPU
		{61BB41C2-6FEF-4405-9567-9177DCBDC43A}.Debug|x64.ActiveCfg = Debug|Any CPU
		{61BB41C2-6FEF-4405-9567-9177DCBDC43A}.Debug|x64.Build.0 = Debug|Any CPU
		{61BB41C2-6FEF-4405-9567-9177DCBDC43A}.Debug|x64.Deploy.0 = Debug|Any CPU
		{61BB41C2-6FEF-4405-9567-9177DCBDC43A}.Debug|x86.ActiveCfg = Debug|Any CPU
		{61BB41C2-6FEF-4405-9567-9177DCBDC43A}.Debug|x86.Build.0 = Debug|Any CPU
		{61BB41C2-6FEF-4405-9567-9177DCBDC43A}.Release|Any CPU.ActiveCfg = Release|Any CPU
		{61BB41C2-6FEF-4405-9567-9177DCBDC43A}.Release|Any CPU.Build.0 = Release|Any CPU
		{61BB41C2-6FEF-4405-9567-9177DCBDC43A}.Release|Any CPU.Deploy.0 = Release|Any CPU
		{61BB41C2-6FEF-4405-9567-9177DCBDC43A}.Release|ARM.ActiveCfg = Release|Any CPU
		{61BB41C2-6FEF-4405-9567-9177DCBDC43A}.Release|ARM.Build.0 = Release|Any CPU
		{61BB41C2-6FEF-4405-9567-9177DCBDC43A}.Release|ARM64.ActiveCfg = Release|Any CPU
		{61BB41C2-6FEF-4405-9567-9177DCBDC43A}.Release|ARM64.Build.0 = Release|Any CPU
		{61BB41C2-6FEF-4405-9567-9177DCBDC43A}.Release|x64.ActiveCfg = Release|Any CPU
		{61BB41C2-6FEF-4405-9567-9177DCBDC43A}.Release|x64.Build.0 = Release|Any CPU
		{61BB41C2-6FEF-4405-9567-9177DCBDC43A}.Release|x86.ActiveCfg = Release|Any CPU
		{61BB41C2-6FEF-4405-9567-9177DCBDC43A}.Release|x86.Build.0 = Release|Any CPU
		{61BB41C2-6FEF-4405-9567-9177DCBDC43A}.ReleaseTest|Any CPU.ActiveCfg = ReleaseTest|Any CPU
		{61BB41C2-6FEF-4405-9567-9177DCBDC43A}.ReleaseTest|Any CPU.Build.0 = ReleaseTest|Any CPU
		{61BB41C2-6FEF-4405-9567-9177DCBDC43A}.ReleaseTest|Any CPU.Deploy.0 = ReleaseTest|Any CPU
		{61BB41C2-6FEF-4405-9567-9177DCBDC43A}.ReleaseTest|ARM.ActiveCfg = ReleaseTest|Any CPU
		{61BB41C2-6FEF-4405-9567-9177DCBDC43A}.ReleaseTest|ARM.Build.0 = ReleaseTest|Any CPU
		{61BB41C2-6FEF-4405-9567-9177DCBDC43A}.ReleaseTest|ARM64.ActiveCfg = ReleaseTest|Any CPU
		{61BB41C2-6FEF-4405-9567-9177DCBDC43A}.ReleaseTest|ARM64.Build.0 = ReleaseTest|Any CPU
		{61BB41C2-6FEF-4405-9567-9177DCBDC43A}.ReleaseTest|x64.ActiveCfg = Debug|Any CPU
		{61BB41C2-6FEF-4405-9567-9177DCBDC43A}.ReleaseTest|x64.Build.0 = Debug|Any CPU
		{61BB41C2-6FEF-4405-9567-9177DCBDC43A}.ReleaseTest|x86.ActiveCfg = ReleaseTest|Any CPU
		{61BB41C2-6FEF-4405-9567-9177DCBDC43A}.ReleaseTest|x86.Build.0 = ReleaseTest|Any CPU
		{9805048E-E10E-48F6-B763-9384E11B3BAE}.Debug|Any CPU.ActiveCfg = Debug|Any CPU
		{9805048E-E10E-48F6-B763-9384E11B3BAE}.Debug|Any CPU.Build.0 = Debug|Any CPU
		{9805048E-E10E-48F6-B763-9384E11B3BAE}.Debug|ARM.ActiveCfg = Debug|Any CPU
		{9805048E-E10E-48F6-B763-9384E11B3BAE}.Debug|ARM.Build.0 = Debug|Any CPU
		{9805048E-E10E-48F6-B763-9384E11B3BAE}.Debug|ARM64.ActiveCfg = Debug|Any CPU
		{9805048E-E10E-48F6-B763-9384E11B3BAE}.Debug|ARM64.Build.0 = Debug|Any CPU
		{9805048E-E10E-48F6-B763-9384E11B3BAE}.Debug|x64.ActiveCfg = Debug|Any CPU
		{9805048E-E10E-48F6-B763-9384E11B3BAE}.Debug|x64.Build.0 = Debug|Any CPU
		{9805048E-E10E-48F6-B763-9384E11B3BAE}.Debug|x86.ActiveCfg = Debug|Any CPU
		{9805048E-E10E-48F6-B763-9384E11B3BAE}.Debug|x86.Build.0 = Debug|Any CPU
		{9805048E-E10E-48F6-B763-9384E11B3BAE}.Release|Any CPU.ActiveCfg = Release|Any CPU
		{9805048E-E10E-48F6-B763-9384E11B3BAE}.Release|ARM.ActiveCfg = Release|Any CPU
		{9805048E-E10E-48F6-B763-9384E11B3BAE}.Release|ARM.Build.0 = Release|Any CPU
		{9805048E-E10E-48F6-B763-9384E11B3BAE}.Release|ARM64.ActiveCfg = Release|Any CPU
		{9805048E-E10E-48F6-B763-9384E11B3BAE}.Release|ARM64.Build.0 = Release|Any CPU
		{9805048E-E10E-48F6-B763-9384E11B3BAE}.Release|x64.ActiveCfg = Release|Any CPU
		{9805048E-E10E-48F6-B763-9384E11B3BAE}.Release|x64.Build.0 = Release|Any CPU
		{9805048E-E10E-48F6-B763-9384E11B3BAE}.Release|x86.ActiveCfg = Release|Any CPU
		{9805048E-E10E-48F6-B763-9384E11B3BAE}.Release|x86.Build.0 = Release|Any CPU
		{9805048E-E10E-48F6-B763-9384E11B3BAE}.ReleaseTest|Any CPU.ActiveCfg = Release|Any CPU
		{9805048E-E10E-48F6-B763-9384E11B3BAE}.ReleaseTest|ARM.ActiveCfg = ReleaseTest|Any CPU
		{9805048E-E10E-48F6-B763-9384E11B3BAE}.ReleaseTest|ARM.Build.0 = ReleaseTest|Any CPU
		{9805048E-E10E-48F6-B763-9384E11B3BAE}.ReleaseTest|ARM64.ActiveCfg = ReleaseTest|Any CPU
		{9805048E-E10E-48F6-B763-9384E11B3BAE}.ReleaseTest|ARM64.Build.0 = ReleaseTest|Any CPU
		{9805048E-E10E-48F6-B763-9384E11B3BAE}.ReleaseTest|x64.ActiveCfg = ReleaseTest|Any CPU
		{9805048E-E10E-48F6-B763-9384E11B3BAE}.ReleaseTest|x64.Build.0 = ReleaseTest|Any CPU
		{9805048E-E10E-48F6-B763-9384E11B3BAE}.ReleaseTest|x86.ActiveCfg = ReleaseTest|Any CPU
		{9805048E-E10E-48F6-B763-9384E11B3BAE}.ReleaseTest|x86.Build.0 = ReleaseTest|Any CPU
		{D81744AB-6C55-4EF4-9A70-01486400A4E4}.Debug|Any CPU.ActiveCfg = Debug|Any CPU
		{D81744AB-6C55-4EF4-9A70-01486400A4E4}.Debug|Any CPU.Build.0 = Debug|Any CPU
		{D81744AB-6C55-4EF4-9A70-01486400A4E4}.Debug|Any CPU.Deploy.0 = Debug|Any CPU
		{D81744AB-6C55-4EF4-9A70-01486400A4E4}.Debug|ARM.ActiveCfg = Debug|Any CPU
		{D81744AB-6C55-4EF4-9A70-01486400A4E4}.Debug|ARM.Build.0 = Debug|Any CPU
		{D81744AB-6C55-4EF4-9A70-01486400A4E4}.Debug|ARM64.ActiveCfg = Debug|Any CPU
		{D81744AB-6C55-4EF4-9A70-01486400A4E4}.Debug|ARM64.Build.0 = Debug|Any CPU
		{D81744AB-6C55-4EF4-9A70-01486400A4E4}.Debug|x64.ActiveCfg = Debug|Any CPU
		{D81744AB-6C55-4EF4-9A70-01486400A4E4}.Debug|x64.Build.0 = Debug|Any CPU
		{D81744AB-6C55-4EF4-9A70-01486400A4E4}.Debug|x86.ActiveCfg = Debug|Any CPU
		{D81744AB-6C55-4EF4-9A70-01486400A4E4}.Debug|x86.Build.0 = Debug|Any CPU
		{D81744AB-6C55-4EF4-9A70-01486400A4E4}.Release|Any CPU.ActiveCfg = Release|Any CPU
		{D81744AB-6C55-4EF4-9A70-01486400A4E4}.Release|Any CPU.Build.0 = Release|Any CPU
		{D81744AB-6C55-4EF4-9A70-01486400A4E4}.Release|ARM.ActiveCfg = Release|Any CPU
		{D81744AB-6C55-4EF4-9A70-01486400A4E4}.Release|ARM.Build.0 = Release|Any CPU
		{D81744AB-6C55-4EF4-9A70-01486400A4E4}.Release|ARM64.ActiveCfg = Release|Any CPU
		{D81744AB-6C55-4EF4-9A70-01486400A4E4}.Release|ARM64.Build.0 = Release|Any CPU
		{D81744AB-6C55-4EF4-9A70-01486400A4E4}.Release|x64.ActiveCfg = Release|Any CPU
		{D81744AB-6C55-4EF4-9A70-01486400A4E4}.Release|x64.Build.0 = Release|Any CPU
		{D81744AB-6C55-4EF4-9A70-01486400A4E4}.Release|x86.ActiveCfg = Release|Any CPU
		{D81744AB-6C55-4EF4-9A70-01486400A4E4}.Release|x86.Build.0 = Release|Any CPU
		{D81744AB-6C55-4EF4-9A70-01486400A4E4}.ReleaseTest|Any CPU.ActiveCfg = Release|Any CPU
		{D81744AB-6C55-4EF4-9A70-01486400A4E4}.ReleaseTest|Any CPU.Build.0 = Release|Any CPU
		{D81744AB-6C55-4EF4-9A70-01486400A4E4}.ReleaseTest|ARM.ActiveCfg = Release|Any CPU
		{D81744AB-6C55-4EF4-9A70-01486400A4E4}.ReleaseTest|ARM.Build.0 = Release|Any CPU
		{D81744AB-6C55-4EF4-9A70-01486400A4E4}.ReleaseTest|ARM64.ActiveCfg = Release|Any CPU
		{D81744AB-6C55-4EF4-9A70-01486400A4E4}.ReleaseTest|ARM64.Build.0 = Release|Any CPU
		{D81744AB-6C55-4EF4-9A70-01486400A4E4}.ReleaseTest|x64.ActiveCfg = Release|Any CPU
		{D81744AB-6C55-4EF4-9A70-01486400A4E4}.ReleaseTest|x64.Build.0 = Release|Any CPU
		{D81744AB-6C55-4EF4-9A70-01486400A4E4}.ReleaseTest|x86.ActiveCfg = Release|Any CPU
		{D81744AB-6C55-4EF4-9A70-01486400A4E4}.ReleaseTest|x86.Build.0 = Release|Any CPU
	EndGlobalSection
	GlobalSection(SolutionProperties) = preSolution
		HideSolutionNode = FALSE
	EndGlobalSection
	GlobalSection(ExtensibilityGlobals) = postSolution
		SolutionGuid = {F215BC09-E7B3-4FD3-BB4B-10CA1B52366D}
	EndGlobalSection
EndGlobal
